{
    "_readme": [
        "This file locks the dependencies of your project to a known state",
        "Read more about it at http://getcomposer.org/doc/01-basic-usage.md#composer-lock-the-lock-file"
    ],
    "hash": "d71b413276586f986a3b2569813ac6b5",
    "packages": [
        {
            "name": "webignition/absolute-url-deriver",
            "version": "1.3.4",
            "source": {
                "type": "git",
                "url": "https://github.com/webignition/absolute-url-deriver.git",
                "reference": "1.3.4"
            },
            "dist": {
                "type": "zip",
                "url": "https://api.github.com/repos/webignition/absolute-url-deriver/zipball/1.3.4",
                "reference": "1.3.4",
                "shasum": ""
            },
            "require": {
                "php": ">=5.3.0",
                "webignition/url": ">=1.7.2"
            },
            "type": "library",
            "autoload": {
                "psr-0": {
                    "": "src/"
                }
            },
            "notification-url": "https://packagist.org/downloads/",
            "license": [
                "MIT"
            ],
            "authors": [
                {
                    "name": "Jon Cram",
                    "email": "jon@webignition.net"
                }
            ],
            "description": "Derives an absolute URL from relative and source URLs",
            "homepage": "https://github.com/webignition/absolute-url-deriver",
            "keywords": [
                "absolute",
                "url"
            ],
            "time": "2013-07-09 14:07:36"
        },
        {
            "name": "webignition/url",
            "version": "1.8.2",
            "source": {
                "type": "git",
                "url": "https://github.com/webignition/url.git",
                "reference": "1.8.2"
            },
            "dist": {
                "type": "zip",
                "url": "https://api.github.com/repos/webignition/url/zipball/1.8.2",
                "reference": "1.8.2",
                "shasum": ""
            },
            "require": {
                "ext-intl": "*",
                "php": ">=5.3.0"
            },
            "type": "library",
            "autoload": {
                "psr-0": {
                    "": "src/"
                }
            },
            "notification-url": "https://packagist.org/downloads/",
            "license": [
                "MIT"
            ],
            "authors": [
                {
                    "name": "Jon Cram",
                    "email": "jon@webignition.net"
                }
            ],
            "description": "Represents a URL, a library to be used in many other places. Applies semantically-lossless normalisation for comparisons.",
            "homepage": "https://github.com/webignition/url",
            "keywords": [
                "url"
            ],
            "time": "2013-08-15 10:51:12"
        }
    ],
    "packages-dev": [

    ],
    "aliases": [

    ],
    "minimum-stability": "stable",
    "stability-flags": [

    ],
    "platform": {
        "php": ">=5.3.0"
    },
    "platform-dev": [

    ]
}
